
Microsoft Visual Studio Solution File, Format Version 12.00
# Visual Studio 15
VisualStudioVersion = 15.0.28307.168
MinimumVisualStudioVersion = 10.0.40219.1
Project("{9A19103F-16F7-4668-BE54-9A1E7A4F7556}") = "JeremyBesson.MobilePayApp", "JeremyBesson.MobilePayApp\JeremyBesson.MobilePayApp.csproj", "{7E3301CB-DC3A-45FA-9C9D-CC57EFF4BF1F}"
EndProject
Project("{FAE04EC0-301F-11D3-BF4B-00C04F79EFBC}") = "JeremyBesson.MobilePayApp.Tests", "JeremyBesson.MobilePayApp.Tests\JeremyBesson.MobilePayApp.Tests.csproj", "{6AA65ABB-57DC-4AB1-B15B-5EB0B289A60F}"
EndProject
Global
	GlobalSection(SolutionConfigurationPlatforms) = preSolution
		Debug|Any CPU = Debug|Any CPU
		Release|Any CPU = Release|Any CPU
	EndGlobalSection
	GlobalSection(ProjectConfigurationPlatforms) = postSolution
		{7E3301CB-DC3A-45FA-9C9D-CC57EFF4BF1F}.Debug|Any CPU.ActiveCfg = Debug|Any CPU
		{7E3301CB-DC3A-45FA-9C9D-CC57EFF4BF1F}.Debug|Any CPU.Build.0 = Debug|Any CPU
		{7E3301CB-DC3A-45FA-9C9D-CC57EFF4BF1F}.Release|Any CPU.ActiveCfg = Release|Any CPU
		{7E3301CB-DC3A-45FA-9C9D-CC57EFF4BF1F}.Release|Any CPU.Build.0 = Release|Any CPU
		{6AA65ABB-57DC-4AB1-B15B-5EB0B289A60F}.Debug|Any CPU.ActiveCfg = Debug|Any CPU
		{6AA65ABB-57DC-4AB1-B15B-5EB0B289A60F}.Debug|Any CPU.Build.0 = Debug|Any CPU
		{6AA65ABB-57DC-4AB1-B15B-5EB0B289A60F}.Release|Any CPU.ActiveCfg = Release|Any CPU
		{6AA65ABB-57DC-4AB1-B15B-5EB0B289A60F}.Release|Any CPU.Build.0 = Release|Any CPU
	EndGlobalSection
	GlobalSection(SolutionProperties) = preSolution
		HideSolutionNode = FALSE
	EndGlobalSection
	GlobalSection(ExtensibilityGlobals) = postSolution
		SolutionGuid = {3B649F23-EC33-4BB1-AD45-93DB9D2CE571}
	EndGlobalSection
EndGlobal
